
Microsoft Visual Studio Solution File, Format Version 12.00
# Visual Studio Version 17
VisualStudioVersion = 17.0.31903.59
MinimumVisualStudioVersion = 10.0.40219.1
Project("{2150E333-8FDC-42A3-9474-1A3956D46DE8}") = "src", "src", "{27D9FDC8-F174-49F1-8CB7-DA31137E32FC}"
EndProject
Project("{2150E333-8FDC-42A3-9474-1A3956D46DE8}") = "tests", "tests", "{F47E477D-E643-49DE-94E4-D129178159AD}"
EndProject
Project("{9A19103F-16F7-4668-BE54-9A1E7A4F7556}") = "Cike.AspNetCore.MinimalAPIs", "src\Cike.AspNetCore.MinimalAPIs\Cike.AspNetCore.MinimalAPIs.csproj", "{5EC117B9-F4B9-429C-B5B4-EF00C2DD86E4}"
EndProject
Project("{9A19103F-16F7-4668-BE54-9A1E7A4F7556}") = "Cike.AspNetCore.MinimalAPIs.Tests", "tests\Cike.AspNetCore.MinimalAPIs.Tests\Cike.AspNetCore.MinimalAPIs.Tests.csproj", "{13746029-E835-486C-9539-9BBE15E4C2DF}"
EndProject
Project("{9A19103F-16F7-4668-BE54-9A1E7A4F7556}") = "Cike.Core", "src\Cike.Core\Cike.Core.csproj", "{934B51EE-4FE6-410E-8BED-BA56F4603FC0}"
EndProject
Project("{2150E333-8FDC-42A3-9474-1A3956D46DE8}") = "solution items", "solution items", "{FCAE3C50-DBEB-4B98-BFF3-566173B14464}"
	ProjectSection(SolutionItems) = preProject
		common.props = common.props
		Directory.Build.props = Directory.Build.props
	EndProjectSection
EndProject
Project("{9A19103F-16F7-4668-BE54-9A1E7A4F7556}") = "Cike.EventBus", "src\Cike.EventBus\Cike.EventBus.csproj", "{4014DD6D-F087-4117-B118-8FCEE6382AAA}"
EndProject
Project("{9A19103F-16F7-4668-BE54-9A1E7A4F7556}") = "Cike.EventBus.Local", "src\Cike.EventBus.Local\Cike.EventBus.Local.csproj", "{30AB436E-D275-4CE5-942B-33C80D84ABA2}"
EndProject
Project("{9A19103F-16F7-4668-BE54-9A1E7A4F7556}") = "Cike.Uow", "src\Cike.Uow\Cike.Uow.csproj", "{B66AD29D-9EA5-4541-A60F-4FBA121635C4}"
EndProject
Project("{9A19103F-16F7-4668-BE54-9A1E7A4F7556}") = "Cike.Data.EFCore", "src\Cike.Data.EFCore\Cike.Data.EFCore.csproj", "{08223D0C-B1FB-4F00-ADA9-7847BCB67384}"
EndProject
Project("{9A19103F-16F7-4668-BE54-9A1E7A4F7556}") = "Cike.Data", "src\Cike.Data\Cike.Data.csproj", "{CD278DC5-01BF-46D5-9CD6-CCDBB28D2F10}"
EndProject
Project("{9A19103F-16F7-4668-BE54-9A1E7A4F7556}") = "Cike.Auth", "src\Cike.Auth\Cike.Auth.csproj", "{50BF0BFB-7CCE-451C-B670-997F2A04F9DC}"
EndProject
Project("{9A19103F-16F7-4668-BE54-9A1E7A4F7556}") = "Cike.Data.EFCore.MySql", "src\Cike.Data.EFCore.MySql\Cike.Data.EFCore.MySql.csproj", "{B51AA5A0-3654-4B1E-B4FD-DC6968A0BAAD}"
EndProject
Project("{9A19103F-16F7-4668-BE54-9A1E7A4F7556}") = "Cike.Data.Domain", "src\Cike.Data.Domain\Cike.Data.Domain.csproj", "{0A7C4564-1335-4003-B60B-DBE36DFE01CF}"
EndProject
Project("{2150E333-8FDC-42A3-9474-1A3956D46DE8}") = "samples", "samples", "{453249D5-C1E7-4EB4-A2FC-36500736DB66}"
EndProject
Project("{2150E333-8FDC-42A3-9474-1A3956D46DE8}") = "cqrs", "cqrs", "{1BEF81A1-F519-4CCD-BCF0-6CE864E37E9D}"
EndProject
Project("{9A19103F-16F7-4668-BE54-9A1E7A4F7556}") = "CQRS.Data", "samples\cqrs\CQRS.Data\CQRS.Data.csproj", "{1ACDC16E-A3BE-484D-9755-C65D39F63181}"
EndProject
Project("{9A19103F-16F7-4668-BE54-9A1E7A4F7556}") = "Cike.Data.EFCore.SqlServer", "src\Cike.Data.EFCore.SqlServer\Cike.Data.EFCore.SqlServer.csproj", "{8556C570-3C9B-489F-A43A-53427CD44D55}"
EndProject
Project("{9A19103F-16F7-4668-BE54-9A1E7A4F7556}") = "CQRS.Application", "samples\cqrs\CQRS.Application\CQRS.Application.csproj", "{73F86F43-D9D4-405B-8A4E-10AB82F329C4}"
EndProject
Project("{9A19103F-16F7-4668-BE54-9A1E7A4F7556}") = "CQRS.WebApi", "samples\cqrs\CQRS.WebApi\CQRS.WebApi.csproj", "{EB5DF725-BD82-47C1-9A32-7DF50CCF289B}"
EndProject
Project("{9A19103F-16F7-4668-BE54-9A1E7A4F7556}") = "Cike.Cqrs", "src\Cike.Cqrs\Cike.Cqrs.csproj", "{32306E26-3DF1-4D56-A860-CF1B185FA7ED}"
EndProject
Project("{9A19103F-16F7-4668-BE54-9A1E7A4F7556}") = "Cike.Localization", "src\Cike.Localization\Cike.Localization.csproj", "{EE054374-F018-4D05-ACDA-4867A4546B39}"
EndProject
Project("{9A19103F-16F7-4668-BE54-9A1E7A4F7556}") = "Cike.Console.Test", "tests\Cike.Console.Test\Cike.Console.Test.csproj", "{93CD69B9-C2A0-4EA9-8626-150C432EEBED}"
EndProject
Project("{9A19103F-16F7-4668-BE54-9A1E7A4F7556}") = "Cike.UniversalId", "src\Cike.UniversalId\Cike.UniversalId.csproj", "{E3B47830-567B-4942-BC8D-600B3D6ED5A0}"
EndProject
Project("{9A19103F-16F7-4668-BE54-9A1E7A4F7556}") = "Cike.Contracts", "src\Cike.Contracts\Cike.Contracts.csproj", "{9B4054EA-B668-475D-8152-E444256CB8D1}"
EndProject
Project("{9A19103F-16F7-4668-BE54-9A1E7A4F7556}") = "Cike.AspNetCore.Swagger", "src\Cike.AspNetCore.Swagger\Cike.AspNetCore.Swagger.csproj", "{0C189D96-3911-4B68-A1C7-84FB2BBCE2DE}"
EndProject
Global
	GlobalSection(SolutionConfigurationPlatforms) = preSolution
		Debug|Any CPU = Debug|Any CPU
		Release|Any CPU = Release|Any CPU
	EndGlobalSection
	GlobalSection(ProjectConfigurationPlatforms) = postSolution
		{5EC117B9-F4B9-429C-B5B4-EF00C2DD86E4}.Debug|Any CPU.ActiveCfg = Debug|Any CPU
		{5EC117B9-F4B9-429C-B5B4-EF00C2DD86E4}.Debug|Any CPU.Build.0 = Debug|Any CPU
		{5EC117B9-F4B9-429C-B5B4-EF00C2DD86E4}.Release|Any CPU.ActiveCfg = Release|Any CPU
		{5EC117B9-F4B9-429C-B5B4-EF00C2DD86E4}.Release|Any CPU.Build.0 = Release|Any CPU
		{13746029-E835-486C-9539-9BBE15E4C2DF}.Debug|Any CPU.ActiveCfg = Debug|Any CPU
		{13746029-E835-486C-9539-9BBE15E4C2DF}.Debug|Any CPU.Build.0 = Debug|Any CPU
		{13746029-E835-486C-9539-9BBE15E4C2DF}.Release|Any CPU.ActiveCfg = Release|Any CPU
		{13746029-E835-486C-9539-9BBE15E4C2DF}.Release|Any CPU.Build.0 = Release|Any CPU
		{934B51EE-4FE6-410E-8BED-BA56F4603FC0}.Debug|Any CPU.ActiveCfg = Debug|Any CPU
		{934B51EE-4FE6-410E-8BED-BA56F4603FC0}.Debug|Any CPU.Build.0 = Debug|Any CPU
		{934B51EE-4FE6-410E-8BED-BA56F4603FC0}.Release|Any CPU.ActiveCfg = Release|Any CPU
		{934B51EE-4FE6-410E-8BED-BA56F4603FC0}.Release|Any CPU.Build.0 = Release|Any CPU
		{4014DD6D-F087-4117-B118-8FCEE6382AAA}.Debug|Any CPU.ActiveCfg = Debug|Any CPU
		{4014DD6D-F087-4117-B118-8FCEE6382AAA}.Debug|Any CPU.Build.0 = Debug|Any CPU
		{4014DD6D-F087-4117-B118-8FCEE6382AAA}.Release|Any CPU.ActiveCfg = Release|Any CPU
		{4014DD6D-F087-4117-B118-8FCEE6382AAA}.Release|Any CPU.Build.0 = Release|Any CPU
		{30AB436E-D275-4CE5-942B-33C80D84ABA2}.Debug|Any CPU.ActiveCfg = Debug|Any CPU
		{30AB436E-D275-4CE5-942B-33C80D84ABA2}.Debug|Any CPU.Build.0 = Debug|Any CPU
		{30AB436E-D275-4CE5-942B-33C80D84ABA2}.Release|Any CPU.ActiveCfg = Release|Any CPU
		{30AB436E-D275-4CE5-942B-33C80D84ABA2}.Release|Any CPU.Build.0 = Release|Any CPU
		{B66AD29D-9EA5-4541-A60F-4FBA121635C4}.Debug|Any CPU.ActiveCfg = Debug|Any CPU
		{B66AD29D-9EA5-4541-A60F-4FBA121635C4}.Debug|Any CPU.Build.0 = Debug|Any CPU
		{B66AD29D-9EA5-4541-A60F-4FBA121635C4}.Release|Any CPU.ActiveCfg = Release|Any CPU
		{B66AD29D-9EA5-4541-A60F-4FBA121635C4}.Release|Any CPU.Build.0 = Release|Any CPU
		{08223D0C-B1FB-4F00-ADA9-7847BCB67384}.Debug|Any CPU.ActiveCfg = Debug|Any CPU
		{08223D0C-B1FB-4F00-ADA9-7847BCB67384}.Debug|Any CPU.Build.0 = Debug|Any CPU
		{08223D0C-B1FB-4F00-ADA9-7847BCB67384}.Release|Any CPU.ActiveCfg = Release|Any CPU
		{08223D0C-B1FB-4F00-ADA9-7847BCB67384}.Release|Any CPU.Build.0 = Release|Any CPU
		{CD278DC5-01BF-46D5-9CD6-CCDBB28D2F10}.Debug|Any CPU.ActiveCfg = Debug|Any CPU
		{CD278DC5-01BF-46D5-9CD6-CCDBB28D2F10}.Debug|Any CPU.Build.0 = Debug|Any CPU
		{CD278DC5-01BF-46D5-9CD6-CCDBB28D2F10}.Release|Any CPU.ActiveCfg = Release|Any CPU
		{CD278DC5-01BF-46D5-9CD6-CCDBB28D2F10}.Release|Any CPU.Build.0 = Release|Any CPU
		{50BF0BFB-7CCE-451C-B670-997F2A04F9DC}.Debug|Any CPU.ActiveCfg = Debug|Any CPU
		{50BF0BFB-7CCE-451C-B670-997F2A04F9DC}.Debug|Any CPU.Build.0 = Debug|Any CPU
		{50BF0BFB-7CCE-451C-B670-997F2A04F9DC}.Release|Any CPU.ActiveCfg = Release|Any CPU
		{50BF0BFB-7CCE-451C-B670-997F2A04F9DC}.Release|Any CPU.Build.0 = Release|Any CPU
		{B51AA5A0-3654-4B1E-B4FD-DC6968A0BAAD}.Debug|Any CPU.ActiveCfg = Debug|Any CPU
		{B51AA5A0-3654-4B1E-B4FD-DC6968A0BAAD}.Debug|Any CPU.Build.0 = Debug|Any CPU
		{B51AA5A0-3654-4B1E-B4FD-DC6968A0BAAD}.Release|Any CPU.ActiveCfg = Release|Any CPU
		{B51AA5A0-3654-4B1E-B4FD-DC6968A0BAAD}.Release|Any CPU.Build.0 = Release|Any CPU
		{0A7C4564-1335-4003-B60B-DBE36DFE01CF}.Debug|Any CPU.ActiveCfg = Debug|Any CPU
		{0A7C4564-1335-4003-B60B-DBE36DFE01CF}.Debug|Any CPU.Build.0 = Debug|Any CPU
		{0A7C4564-1335-4003-B60B-DBE36DFE01CF}.Release|Any CPU.ActiveCfg = Release|Any CPU
		{0A7C4564-1335-4003-B60B-DBE36DFE01CF}.Release|Any CPU.Build.0 = Release|Any CPU
		{1ACDC16E-A3BE-484D-9755-C65D39F63181}.Debug|Any CPU.ActiveCfg = Debug|Any CPU
		{1ACDC16E-A3BE-484D-9755-C65D39F63181}.Debug|Any CPU.Build.0 = Debug|Any CPU
		{1ACDC16E-A3BE-484D-9755-C65D39F63181}.Release|Any CPU.ActiveCfg = Release|Any CPU
		{1ACDC16E-A3BE-484D-9755-C65D39F63181}.Release|Any CPU.Build.0 = Release|Any CPU
		{8556C570-3C9B-489F-A43A-53427CD44D55}.Debug|Any CPU.ActiveCfg = Debug|Any CPU
		{8556C570-3C9B-489F-A43A-53427CD44D55}.Debug|Any CPU.Build.0 = Debug|Any CPU
		{8556C570-3C9B-489F-A43A-53427CD44D55}.Release|Any CPU.ActiveCfg = Release|Any CPU
		{8556C570-3C9B-489F-A43A-53427CD44D55}.Release|Any CPU.Build.0 = Release|Any CPU
		{73F86F43-D9D4-405B-8A4E-10AB82F329C4}.Debug|Any CPU.ActiveCfg = Debug|Any CPU
		{73F86F43-D9D4-405B-8A4E-10AB82F329C4}.Debug|Any CPU.Build.0 = Debug|Any CPU
		{73F86F43-D9D4-405B-8A4E-10AB82F329C4}.Release|Any CPU.ActiveCfg = Release|Any CPU
		{73F86F43-D9D4-405B-8A4E-10AB82F329C4}.Release|Any CPU.Build.0 = Release|Any CPU
		{EB5DF725-BD82-47C1-9A32-7DF50CCF289B}.Debug|Any CPU.ActiveCfg = Debug|Any CPU
		{EB5DF725-BD82-47C1-9A32-7DF50CCF289B}.Debug|Any CPU.Build.0 = Debug|Any CPU
		{EB5DF725-BD82-47C1-9A32-7DF50CCF289B}.Release|Any CPU.ActiveCfg = Release|Any CPU
		{EB5DF725-BD82-47C1-9A32-7DF50CCF289B}.Release|Any CPU.Build.0 = Release|Any CPU
		{32306E26-3DF1-4D56-A860-CF1B185FA7ED}.Debug|Any CPU.ActiveCfg = Debug|Any CPU
		{32306E26-3DF1-4D56-A860-CF1B185FA7ED}.Debug|Any CPU.Build.0 = Debug|Any CPU
		{32306E26-3DF1-4D56-A860-CF1B185FA7ED}.Release|Any CPU.ActiveCfg = Release|Any CPU
		{32306E26-3DF1-4D56-A860-CF1B185FA7ED}.Release|Any CPU.Build.0 = Release|Any CPU
		{EE054374-F018-4D05-ACDA-4867A4546B39}.Debug|Any CPU.ActiveCfg = Debug|Any CPU
		{EE054374-F018-4D05-ACDA-4867A4546B39}.Debug|Any CPU.Build.0 = Debug|Any CPU
		{EE054374-F018-4D05-ACDA-4867A4546B39}.Release|Any CPU.ActiveCfg = Release|Any CPU
		{EE054374-F018-4D05-ACDA-4867A4546B39}.Release|Any CPU.Build.0 = Release|Any CPU
		{93CD69B9-C2A0-4EA9-8626-150C432EEBED}.Debug|Any CPU.ActiveCfg = Debug|Any CPU
		{93CD69B9-C2A0-4EA9-8626-150C432EEBED}.Debug|Any CPU.Build.0 = Debug|Any CPU
		{93CD69B9-C2A0-4EA9-8626-150C432EEBED}.Release|Any CPU.ActiveCfg = Release|Any CPU
		{93CD69B9-C2A0-4EA9-8626-150C432EEBED}.Release|Any CPU.Build.0 = Release|Any CPU
		{E3B47830-567B-4942-BC8D-600B3D6ED5A0}.Debug|Any CPU.ActiveCfg = Debug|Any CPU
		{E3B47830-567B-4942-BC8D-600B3D6ED5A0}.Debug|Any CPU.Build.0 = Debug|Any CPU
		{E3B47830-567B-4942-BC8D-600B3D6ED5A0}.Release|Any CPU.ActiveCfg = Release|Any CPU
		{E3B47830-567B-4942-BC8D-600B3D6ED5A0}.Release|Any CPU.Build.0 = Release|Any CPU
		{9B4054EA-B668-475D-8152-E444256CB8D1}.Debug|Any CPU.ActiveCfg = Debug|Any CPU
		{9B4054EA-B668-475D-8152-E444256CB8D1}.Debug|Any CPU.Build.0 = Debug|Any CPU
		{9B4054EA-B668-475D-8152-E444256CB8D1}.Release|Any CPU.ActiveCfg = Release|Any CPU
		{9B4054EA-B668-475D-8152-E444256CB8D1}.Release|Any CPU.Build.0 = Release|Any CPU
		{0C189D96-3911-4B68-A1C7-84FB2BBCE2DE}.Debug|Any CPU.ActiveCfg = Debug|Any CPU
		{0C189D96-3911-4B68-A1C7-84FB2BBCE2DE}.Debug|Any CPU.Build.0 = Debug|Any CPU
		{0C189D96-3911-4B68-A1C7-84FB2BBCE2DE}.Release|Any CPU.ActiveCfg = Release|Any CPU
		{0C189D96-3911-4B68-A1C7-84FB2BBCE2DE}.Release|Any CPU.Build.0 = Release|Any CPU
	EndGlobalSection
	GlobalSection(SolutionProperties) = preSolution
		HideSolutionNode = FALSE
	EndGlobalSection
	GlobalSection(NestedProjects) = preSolution
		{5EC117B9-F4B9-429C-B5B4-EF00C2DD86E4} = {27D9FDC8-F174-49F1-8CB7-DA31137E32FC}
		{13746029-E835-486C-9539-9BBE15E4C2DF} = {F47E477D-E643-49DE-94E4-D129178159AD}
		{934B51EE-4FE6-410E-8BED-BA56F4603FC0} = {27D9FDC8-F174-49F1-8CB7-DA31137E32FC}
		{4014DD6D-F087-4117-B118-8FCEE6382AAA} = {27D9FDC8-F174-49F1-8CB7-DA31137E32FC}
		{30AB436E-D275-4CE5-942B-33C80D84ABA2} = {27D9FDC8-F174-49F1-8CB7-DA31137E32FC}
		{B66AD29D-9EA5-4541-A60F-4FBA121635C4} = {27D9FDC8-F174-49F1-8CB7-DA31137E32FC}
		{08223D0C-B1FB-4F00-ADA9-7847BCB67384} = {27D9FDC8-F174-49F1-8CB7-DA31137E32FC}
		{CD278DC5-01BF-46D5-9CD6-CCDBB28D2F10} = {27D9FDC8-F174-49F1-8CB7-DA31137E32FC}
		{50BF0BFB-7CCE-451C-B670-997F2A04F9DC} = {27D9FDC8-F174-49F1-8CB7-DA31137E32FC}
		{B51AA5A0-3654-4B1E-B4FD-DC6968A0BAAD} = {27D9FDC8-F174-49F1-8CB7-DA31137E32FC}
		{0A7C4564-1335-4003-B60B-DBE36DFE01CF} = {27D9FDC8-F174-49F1-8CB7-DA31137E32FC}
		{1BEF81A1-F519-4CCD-BCF0-6CE864E37E9D} = {453249D5-C1E7-4EB4-A2FC-36500736DB66}
		{1ACDC16E-A3BE-484D-9755-C65D39F63181} = {1BEF81A1-F519-4CCD-BCF0-6CE864E37E9D}
		{8556C570-3C9B-489F-A43A-53427CD44D55} = {27D9FDC8-F174-49F1-8CB7-DA31137E32FC}
		{73F86F43-D9D4-405B-8A4E-10AB82F329C4} = {1BEF81A1-F519-4CCD-BCF0-6CE864E37E9D}
		{EB5DF725-BD82-47C1-9A32-7DF50CCF289B} = {1BEF81A1-F519-4CCD-BCF0-6CE864E37E9D}
		{32306E26-3DF1-4D56-A860-CF1B185FA7ED} = {27D9FDC8-F174-49F1-8CB7-DA31137E32FC}
		{EE054374-F018-4D05-ACDA-4867A4546B39} = {27D9FDC8-F174-49F1-8CB7-DA31137E32FC}
		{93CD69B9-C2A0-4EA9-8626-150C432EEBED} = {F47E477D-E643-49DE-94E4-D129178159AD}
		{E3B47830-567B-4942-BC8D-600B3D6ED5A0} = {27D9FDC8-F174-49F1-8CB7-DA31137E32FC}
		{9B4054EA-B668-475D-8152-E444256CB8D1} = {27D9FDC8-F174-49F1-8CB7-DA31137E32FC}
		{0C189D96-3911-4B68-A1C7-84FB2BBCE2DE} = {27D9FDC8-F174-49F1-8CB7-DA31137E32FC}
	EndGlobalSection
	GlobalSection(ExtensibilityGlobals) = postSolution
		SolutionGuid = {DFC945B5-5799-4CB7-A1A0-1B30513EAD83}
	EndGlobalSection
EndGlobal
